{
    "requires": true,
    "lockfileVersion": 1,
    "dependencies": {
        "http-status-enum": {
            "version": "1.0.2",
            "resolved": "https://registry.npmjs.org/http-status-enum/-/http-status-enum-1.0.2.tgz",
            "integrity": "sha1-XuD4wWwI4ImbzJP5fZguR1M1RxQ="
        }
    }
}
